
Microsoft Visual Studio Solution File, Format Version 12.00
# Visual Studio 14
VisualStudioVersion = 14.0.25420.1
MinimumVisualStudioVersion = 10.0.40219.1
Project("{FAE04EC0-301F-11D3-BF4B-00C04F79EFBC}") = "501Library", "501Library\501Library.csproj", "{17015364-25D0-4E30-8B9F-554FCFB1A611}"
EndProject
Project("{2150E333-8FDC-42A3-9474-1A3956D46DE8}") = "Solution Items", "Solution Items", "{16AE463F-1C9E-43D7-A6B5-2CC52830ACB2}"
	ProjectSection(SolutionItems) = preProject
		..\..\StockLibrary\StockLibrary\Account.cs = ..\..\StockLibrary\StockLibrary\Account.cs
		..\..\StockLibrary\StockLibrary\MarketSimulator.cs = ..\..\StockLibrary\StockLibrary\MarketSimulator.cs
		..\..\StockLibrary\StockLibrary\MarketVolatility.cs = ..\..\StockLibrary\StockLibrary\MarketVolatility.cs
		..\..\StockLibrary\StockLibrary\Portfolio.cs = ..\..\StockLibrary\StockLibrary\Portfolio.cs
		..\..\StockLibrary\StockLibrary\Stock.cs = ..\..\StockLibrary\StockLibrary\Stock.cs
		..\..\StockLibrary\StockLibrary\StockQuantity.cs = ..\..\StockLibrary\StockLibrary\StockQuantity.cs
		..\..\StockLibrary\StockLibrary\Transaction.cs = ..\..\StockLibrary\StockLibrary\Transaction.cs
	EndProjectSection
EndProject
Global
	GlobalSection(SolutionConfigurationPlatforms) = preSolution
		Debug|Any CPU = Debug|Any CPU
		Release|Any CPU = Release|Any CPU
	EndGlobalSection
	GlobalSection(ProjectConfigurationPlatforms) = postSolution
		{17015364-25D0-4E30-8B9F-554FCFB1A611}.Debug|Any CPU.ActiveCfg = Debug|Any CPU
		{17015364-25D0-4E30-8B9F-554FCFB1A611}.Debug|Any CPU.Build.0 = Debug|Any CPU
		{17015364-25D0-4E30-8B9F-554FCFB1A611}.Release|Any CPU.ActiveCfg = Release|Any CPU
		{17015364-25D0-4E30-8B9F-554FCFB1A611}.Release|Any CPU.Build.0 = Release|Any CPU
	EndGlobalSection
	GlobalSection(SolutionProperties) = preSolution
		HideSolutionNode = FALSE
	EndGlobalSection
EndGlobal
